# This file is automatically @generated by Cargo.
# It is not intended for manual editing.
version = 4

[[package]]
name = "iron-vaak-ffi"
version = "0.1.0"
dependencies = [
 "vaak",
]

[[package]]
name = "iron-vaak-native"
version = "0.1.0"
dependencies = [
 "iron-vaak-ffi",
]

[[package]]
name = "vaak"
version = "0.1.0"
